// !$*UTF8*$!
{
	archiveVersion = 1;
	classes = {
	};
	objectVersion = 46;
	objects = {

/* Begin PBXBuildFile section */
		30233C621D2B4C83000EFEAD /* ActivityListTableViewController.m in Sources */ = {isa = PBXBuildFile; fileRef = 30233C601D2B4C83000EFEAD /* ActivityListTableViewController.m */; };
		30233C6F1D2B4D26000EFEAD /* CinemaListTableViewController.m in Sources */ = {isa = PBXBuildFile; fileRef = 30233C6D1D2B4D26000EFEAD /* CinemaListTableViewController.m */; };
		30233C781D2B4D89000EFEAD /* MovieListTableViewController.m in Sources */ = {isa = PBXBuildFile; fileRef = 30233C761D2B4D89000EFEAD /* MovieListTableViewController.m */; };
		30233C811D2B4DE0000EFEAD /* UserViewController.m in Sources */ = {isa = PBXBuildFile; fileRef = 30233C7F1D2B4DE0000EFEAD /* UserViewController.m */; };
		30233C961D2B5A77000EFEAD /* 2image.png in Resources */ = {isa = PBXBuildFile; fileRef = 30233C841D2B5A77000EFEAD /* 2image.png */; };
		30233C971D2B5A77000EFEAD /* 2image@2x.png in Resources */ = {isa = PBXBuildFile; fileRef = 30233C851D2B5A77000EFEAD /* 2image@2x.png */; };
		30233C981D2B5A77000EFEAD /* 2imageH.png in Resources */ = {isa = PBXBuildFile; fileRef = 30233C861D2B5A77000EFEAD /* 2imageH.png */; };
		30233C991D2B5A77000EFEAD /* 2imageH@2x.png in Resources */ = {isa = PBXBuildFile; fileRef = 30233C871D2B5A77000EFEAD /* 2imageH@2x.png */; };
		30233C9A1D2B5A77000EFEAD /* paper.png in Resources */ = {isa = PBXBuildFile; fileRef = 30233C881D2B5A77000EFEAD /* paper.png */; };
		30233C9B1D2B5A77000EFEAD /* paper@2x.png in Resources */ = {isa = PBXBuildFile; fileRef = 30233C891D2B5A77000EFEAD /* paper@2x.png */; };
		30233C9C1D2B5A77000EFEAD /* paperH.png in Resources */ = {isa = PBXBuildFile; fileRef = 30233C8A1D2B5A77000EFEAD /* paperH.png */; };
		30233C9D1D2B5A77000EFEAD /* paperH@2x.png in Resources */ = {isa = PBXBuildFile; fileRef = 30233C8B1D2B5A77000EFEAD /* paperH@2x.png */; };
		30233C9E1D2B5A77000EFEAD /* person.png in Resources */ = {isa = PBXBuildFile; fileRef = 30233C8C1D2B5A77000EFEAD /* person.png */; };
		30233C9F1D2B5A77000EFEAD /* person@2x.png in Resources */ = {isa = PBXBuildFile; fileRef = 30233C8D1D2B5A77000EFEAD /* person@2x.png */; };
		30233CA01D2B5A77000EFEAD /* personH.png in Resources */ = {isa = PBXBuildFile; fileRef = 30233C8E1D2B5A77000EFEAD /* personH.png */; };
		30233CA11D2B5A77000EFEAD /* personH@2x.png in Resources */ = {isa = PBXBuildFile; fileRef = 30233C8F1D2B5A77000EFEAD /* personH@2x.png */; };
		30233CA21D2B5A77000EFEAD /* post_normal@2x.png in Resources */ = {isa = PBXBuildFile; fileRef = 30233C901D2B5A77000EFEAD /* post_normal@2x.png */; };
		30233CA31D2B5A77000EFEAD /* video.png in Resources */ = {isa = PBXBuildFile; fileRef = 30233C911D2B5A77000EFEAD /* video.png */; };
		30233CA41D2B5A77000EFEAD /* video@2x.png in Resources */ = {isa = PBXBuildFile; fileRef = 30233C921D2B5A77000EFEAD /* video@2x.png */; };
		30233CA51D2B5A77000EFEAD /* videoH.png in Resources */ = {isa = PBXBuildFile; fileRef = 30233C931D2B5A77000EFEAD /* videoH.png */; };
		30233CA61D2B5A77000EFEAD /* videoH@2x.png in Resources */ = {isa = PBXBuildFile; fileRef = 30233C941D2B5A77000EFEAD /* videoH@2x.png */; };
		30233CAA1D2B5AF1000EFEAD /* RootViewController.m in Sources */ = {isa = PBXBuildFile; fileRef = 30233CA91D2B5AF1000EFEAD /* RootViewController.m */; };
		30233CAD1D2B5B25000EFEAD /* CustomTabbar.m in Sources */ = {isa = PBXBuildFile; fileRef = 30233CAC1D2B5B25000EFEAD /* CustomTabbar.m */; };
		30233CB01D2B5B3A000EFEAD /* PublishButton.m in Sources */ = {isa = PBXBuildFile; fileRef = 30233CAF1D2B5B3A000EFEAD /* PublishButton.m */; };
		30F638EE1D261468004349C6 /* main.m in Sources */ = {isa = PBXBuildFile; fileRef = 30F638ED1D261468004349C6 /* main.m */; };
		30F638F11D261468004349C6 /* AppDelegate.m in Sources */ = {isa = PBXBuildFile; fileRef = 30F638F01D261468004349C6 /* AppDelegate.m */; };
		30F638F41D261468004349C6 /* ViewController.m in Sources */ = {isa = PBXBuildFile; fileRef = 30F638F31D261468004349C6 /* ViewController.m */; };
		30F638F71D261468004349C6 /* Main.storyboard in Resources */ = {isa = PBXBuildFile; fileRef = 30F638F51D261468004349C6 /* Main.storyboard */; };
		30F638FA1D261468004349C6 /* ___2016_07_01lianxi.xcdatamodeld in Sources */ = {isa = PBXBuildFile; fileRef = 30F638F81D261468004349C6 /* ___2016_07_01lianxi.xcdatamodeld */; };
		30F638FC1D261468004349C6 /* Assets.xcassets in Resources */ = {isa = PBXBuildFile; fileRef = 30F638FB1D261468004349C6 /* Assets.xcassets */; };
		30F638FF1D261468004349C6 /* LaunchScreen.storyboard in Resources */ = {isa = PBXBuildFile; fileRef = 30F638FD1D261468004349C6 /* LaunchScreen.storyboard */; };
		30F6390A1D261468004349C6 /* ___2016_07_01lianxiTests.m in Sources */ = {isa = PBXBuildFile; fileRef = 30F639091D261468004349C6 /* ___2016_07_01lianxiTests.m */; };
		30F639151D261468004349C6 /* ___2016_07_01lianxiUITests.m in Sources */ = {isa = PBXBuildFile; fileRef = 30F639141D261468004349C6 /* ___2016_07_01lianxiUITests.m */; };
/* End PBXBuildFile section */

/* Begin PBXContainerItemProxy section */
		30F639061D261468004349C6 /* PBXContainerItemProxy */ = {
			isa = PBXContainerItemProxy;
			containerPortal = 30F638E11D261468004349C6 /* Project object */;
			proxyType = 1;
			remoteGlobalIDString = 30F638E81D261468004349C6;
			remoteInfo = "豆瓣-2016.07.01lianxi";
		};
		30F639111D261468004349C6 /* PBXContainerItemProxy */ = {
			isa = PBXContainerItemProxy;
			containerPortal = 30F638E11D261468004349C6 /* Project object */;
			proxyType = 1;
			remoteGlobalIDString = 30F638E81D261468004349C6;
			remoteInfo = "豆瓣-2016.07.01lianxi";
		};
/* End PBXContainerItemProxy section */

/* Begin PBXFileReference section */
		30233C5F1D2B4C83000EFEAD /* ActivityListTableViewController.h */ = {isa = PBXFileReference; fileEncoding = 4; lastKnownFileType = sourcecode.c.h; path = ActivityListTableViewController.h; sourceTree = "<group>"; };
		30233C601D2B4C83000EFEAD /* ActivityListTableViewController.m */ = {isa = PBXFileReference; fileEncoding = 4; lastKnownFileType = sourcecode.c.objc; path = ActivityListTableViewController.m; sourceTree = "<group>"; };
		30233C6C1D2B4D26000EFEAD /* CinemaListTableViewController.h */ = {isa = PBXFileReference; fileEncoding = 4; lastKnownFileType = sourcecode.c.h; path = CinemaListTableViewController.h; sourceTree = "<group>"; };
		30233C6D1D2B4D26000EFEAD /* CinemaListTableViewController.m */ = {isa = PBXFileReference; fileEncoding = 4; lastKnownFileType = sourcecode.c.objc; path = CinemaListTableViewController.m; sourceTree = "<group>"; };
		30233C751D2B4D89000EFEAD /* MovieListTableViewController.h */ = {isa = PBXFileReference; fileEncoding = 4; lastKnownFileType = sourcecode.c.h; path = MovieListTableViewController.h; sourceTree = "<group>"; };
		30233C761D2B4D89000EFEAD /* MovieListTableViewController.m */ = {isa = PBXFileReference; fileEncoding = 4; lastKnownFileType = sourcecode.c.objc; path = MovieListTableViewController.m; sourceTree = "<group>"; };
		30233C7E1D2B4DE0000EFEAD /* UserViewController.h */ = {isa = PBXFileReference; fileEncoding = 4; lastKnownFileType = sourcecode.c.h; path = UserViewController.h; sourceTree = "<group>"; };
		30233C7F1D2B4DE0000EFEAD /* UserViewController.m */ = {isa = PBXFileReference; fileEncoding = 4; lastKnownFileType = sourcecode.c.objc; path = UserViewController.m; sourceTree = "<group>"; };
		30233C841D2B5A77000EFEAD /* 2image.png */ = {isa = PBXFileReference; lastKnownFileType = image.png; path = 2image.png; sourceTree = "<group>"; };
		30233C851D2B5A77000EFEAD /* 2image@2x.png */ = {isa = PBXFileReference; lastKnownFileType = image.png; path = "2image@2x.png"; sourceTree = "<group>"; };
		30233C861D2B5A77000EFEAD /* 2imageH.png */ = {isa = PBXFileReference; lastKnownFileType = image.png; path = 2imageH.png; sourceTree = "<group>"; };
		30233C871D2B5A77000EFEAD /* 2imageH@2x.png */ = {isa = PBXFileReference; lastKnownFileType = image.png; path = "2imageH@2x.png"; sourceTree = "<group>"; };
		30233C881D2B5A77000EFEAD /* paper.png */ = {isa = PBXFileReference; lastKnownFileType = image.png; path = paper.png; sourceTree = "<group>"; };
		30233C891D2B5A77000EFEAD /* paper@2x.png */ = {isa = PBXFileReference; lastKnownFileType = image.png; path = "paper@2x.png"; sourceTree = "<group>"; };
		30233C8A1D2B5A77000EFEAD /* paperH.png */ = {isa = PBXFileReference; lastKnownFileType = image.png; path = paperH.png; sourceTree = "<group>"; };
		30233C8B1D2B5A77000EFEAD /* paperH@2x.png */ = {isa = PBXFileReference; lastKnownFileType = image.png; path = "paperH@2x.png"; sourceTree = "<group>"; };
		30233C8C1D2B5A77000EFEAD /* person.png */ = {isa = PBXFileReference; lastKnownFileType = image.png; path = person.png; sourceTree = "<group>"; };
		30233C8D1D2B5A77000EFEAD /* person@2x.png */ = {isa = PBXFileReference; lastKnownFileType = image.png; path = "person@2x.png"; sourceTree = "<group>"; };
		30233C8E1D2B5A77000EFEAD /* personH.png */ = {isa = PBXFileReference; lastKnownFileType = image.png; path = personH.png; sourceTree = "<group>"; };
		30233C8F1D2B5A77000EFEAD /* personH@2x.png */ = {isa = PBXFileReference; lastKnownFileType = image.png; path = "personH@2x.png"; sourceTree = "<group>"; };
		30233C901D2B5A77000EFEAD /* post_normal@2x.png */ = {isa = PBXFileReference; lastKnownFileType = image.png; path = "post_normal@2x.png"; sourceTree = "<group>"; };
		30233C911D2B5A77000EFEAD /* video.png */ = {isa = PBXFileReference; lastKnownFileType = image.png; path = video.png; sourceTree = "<group>"; };
		30233C921D2B5A77000EFEAD /* video@2x.png */ = {isa = PBXFileReference; lastKnownFileType = image.png; path = "video@2x.png"; sourceTree = "<group>"; };
		30233C931D2B5A77000EFEAD /* videoH.png */ = {isa = PBXFileReference; lastKnownFileType = image.png; path = videoH.png; sourceTree = "<group>"; };
		30233C941D2B5A77000EFEAD /* videoH@2x.png */ = {isa = PBXFileReference; lastKnownFileType = image.png; path = "videoH@2x.png"; sourceTree = "<group>"; };
		30233CA81D2B5AF1000EFEAD /* RootViewController.h */ = {isa = PBXFileReference; fileEncoding = 4; lastKnownFileType = sourcecode.c.h; path = RootViewController.h; sourceTree = "<group>"; };
		30233CA91D2B5AF1000EFEAD /* RootViewController.m */ = {isa = PBXFileReference; fileEncoding = 4; lastKnownFileType = sourcecode.c.objc; path = RootViewController.m; sourceTree = "<group>"; };
		30233CAB1D2B5B25000EFEAD /* CustomTabbar.h */ = {isa = PBXFileReference; fileEncoding = 4; lastKnownFileType = sourcecode.c.h; path = CustomTabbar.h; sourceTree = "<group>"; };
		30233CAC1D2B5B25000EFEAD /* CustomTabbar.m */ = {isa = PBXFileReference; fileEncoding = 4; lastKnownFileType = sourcecode.c.objc; path = CustomTabbar.m; sourceTree = "<group>"; };
		30233CAE1D2B5B3A000EFEAD /* PublishButton.h */ = {isa = PBXFileReference; fileEncoding = 4; lastKnownFileType = sourcecode.c.h; path = PublishButton.h; sourceTree = "<group>"; };
		30233CAF1D2B5B3A000EFEAD /* PublishButton.m */ = {isa = PBXFileReference; fileEncoding = 4; lastKnownFileType = sourcecode.c.objc; path = PublishButton.m; sourceTree = "<group>"; };
		30F638E91D261468004349C6 /* 豆瓣-2016.07.01lianxi.app */ = {isa = PBXFileReference; explicitFileType = wrapper.application; includeInIndex = 0; path = "豆瓣-2016.07.01lianxi.app"; sourceTree = BUILT_PRODUCTS_DIR; };
		30F638ED1D261468004349C6 /* main.m */ = {isa = PBXFileReference; lastKnownFileType = sourcecode.c.objc; path = main.m; sourceTree = "<group>"; };
		30F638EF1D261468004349C6 /* AppDelegate.h */ = {isa = PBXFileReference; lastKnownFileType = sourcecode.c.h; path = AppDelegate.h; sourceTree = "<group>"; };
		30F638F01D261468004349C6 /* AppDelegate.m */ = {isa = PBXFileReference; lastKnownFileType = sourcecode.c.objc; path = AppDelegate.m; sourceTree = "<group>"; };
		30F638F21D261468004349C6 /* ViewController.h */ = {isa = PBXFileReference; lastKnownFileType = sourcecode.c.h; path = ViewController.h; sourceTree = "<group>"; };
		30F638F31D261468004349C6 /* ViewController.m */ = {isa = PBXFileReference; lastKnownFileType = sourcecode.c.objc; path = ViewController.m; sourceTree = "<group>"; };
		30F638F61D261468004349C6 /* Base */ = {isa = PBXFileReference; lastKnownFileType = file.storyboard; name = Base; path = Base.lproj/Main.storyboard; sourceTree = "<group>"; };
		30F638F91D261468004349C6 /* ___2016_07_01lianxi.xcdatamodel */ = {isa = PBXFileReference; lastKnownFileType = wrapper.xcdatamodel; path = "___2016_07_01lianxi.xcdatamodel"; sourceTree = "<group>"; };
		30F638FB1D261468004349C6 /* Assets.xcassets */ = {isa = PBXFileReference; lastKnownFileType = folder.assetcatalog; path = Assets.xcassets; sourceTree = "<group>"; };
		30F638FE1D261468004349C6 /* Base */ = {isa = PBXFileReference; lastKnownFileType = file.storyboard; name = Base; path = Base.lproj/LaunchScreen.storyboard; sourceTree = "<group>"; };
		30F639001D261468004349C6 /* Info.plist */ = {isa = PBXFileReference; lastKnownFileType = text.plist.xml; path = Info.plist; sourceTree = "<group>"; };
		30F639051D261468004349C6 /* 豆瓣-2016.07.01lianxiTests.xctest */ = {isa = PBXFileReference; explicitFileType = wrapper.cfbundle; includeInIndex = 0; path = "豆瓣-2016.07.01lianxiTests.xctest"; sourceTree = BUILT_PRODUCTS_DIR; };
		30F639091D261468004349C6 /* ___2016_07_01lianxiTests.m */ = {isa = PBXFileReference; lastKnownFileType = sourcecode.c.objc; path = "___2016_07_01lianxiTests.m"; sourceTree = "<group>"; };
		30F6390B1D261468004349C6 /* Info.plist */ = {isa = PBXFileReference; lastKnownFileType = text.plist.xml; path = Info.plist; sourceTree = "<group>"; };
		30F639101D261468004349C6 /* 豆瓣-2016.07.01lianxiUITests.xctest */ = {isa = PBXFileReference; explicitFileType = wrapper.cfbundle; includeInIndex = 0; path = "豆瓣-2016.07.01lianxiUITests.xctest"; sourceTree = BUILT_PRODUCTS_DIR; };
		30F639141D261468004349C6 /* ___2016_07_01lianxiUITests.m */ = {isa = PBXFileReference; lastKnownFileType = sourcecode.c.objc; path = "___2016_07_01lianxiUITests.m"; sourceTree = "<group>"; };
		30F639161D261468004349C6 /* Info.plist */ = {isa = PBXFileReference; lastKnownFileType = text.plist.xml; path = Info.plist; sourceTree = "<group>"; };
/* End PBXFileReference section */

/* Begin PBXFrameworksBuildPhase section */
		30F638E61D261468004349C6 /* Frameworks */ = {
			isa = PBXFrameworksBuildPhase;
			buildActionMask = 2147483647;
			files = (
			);
			runOnlyForDeploymentPostprocessing = 0;
		};
		30F639021D261468004349C6 /* Frameworks */ = {
			isa = PBXFrameworksBuildPhase;
			buildActionMask = 2147483647;
			files = (
			);
			runOnlyForDeploymentPostprocessing = 0;
		};
		30F6390D1D261468004349C6 /* Frameworks */ = {
			isa = PBXFrameworksBuildPhase;
			buildActionMask = 2147483647;
			files = (
			);
			runOnlyForDeploymentPostprocessing = 0;
		};
/* End PBXFrameworksBuildPhase section */

/* Begin PBXGroup section */
		30233C5E1D2B4C4F000EFEAD /* Scenes */ = {
			isa = PBXGroup;
			children = (
				30233C641D2B4C8B000EFEAD /* Activity */,
				30233C681D2B4CE1000EFEAD /* Cinema */,
				30233C711D2B4D3C000EFEAD /* Movie */,
				30233C7A1D2B4D92000EFEAD /* User */,
			);
			name = Scenes;
			sourceTree = "<group>";
		};
		30233C641D2B4C8B000EFEAD /* Activity */ = {
			isa = PBXGroup;
			children = (
				30233C651D2B4CA0000EFEAD /* ViewControllers */,
				30233C661D2B4CB8000EFEAD /* Views */,
				30233C671D2B4CC9000EFEAD /* Models */,
			);
			name = Activity;
			sourceTree = "<group>";
		};
		30233C651D2B4CA0000EFEAD /* ViewControllers */ = {
			isa = PBXGroup;
			children = (
				30233C5F1D2B4C83000EFEAD /* ActivityListTableViewController.h */,
				30233C601D2B4C83000EFEAD /* ActivityListTableViewController.m */,
			);
			name = ViewControllers;
			sourceTree = "<group>";
		};
		30233C661D2B4CB8000EFEAD /* Views */ = {
			isa = PBXGroup;
			children = (
			);
			name = Views;
			sourceTree = "<group>";
		};
		30233C671D2B4CC9000EFEAD /* Models */ = {
			isa = PBXGroup;
			children = (
			);
			name = Models;
			sourceTree = "<group>";
		};
		30233C681D2B4CE1000EFEAD /* Cinema */ = {
			isa = PBXGroup;
			children = (
				30233C6B1D2B4D04000EFEAD /* ViewControllers */,
				30233C6A1D2B4CFC000EFEAD /* Views */,
				30233C691D2B4CEF000EFEAD /* Models */,
			);
			name = Cinema;
			sourceTree = "<group>";
		};
		30233C691D2B4CEF000EFEAD /* Models */ = {
			isa = PBXGroup;
			children = (
			);
			name = Models;
			sourceTree = "<group>";
		};
		30233C6A1D2B4CFC000EFEAD /* Views */ = {
			isa = PBXGroup;
			children = (
			);
			name = Views;
			sourceTree = "<group>";
		};
		30233C6B1D2B4D04000EFEAD /* ViewControllers */ = {
			isa = PBXGroup;
			children = (
				30233C6C1D2B4D26000EFEAD /* CinemaListTableViewController.h */,
				30233C6D1D2B4D26000EFEAD /* CinemaListTableViewController.m */,
			);
			name = ViewControllers;
			sourceTree = "<group>";
		};
		30233C711D2B4D3C000EFEAD /* Movie */ = {
			isa = PBXGroup;
			children = (
				30233C741D2B4D70000EFEAD /* ViewControllers */,
				30233C731D2B4D67000EFEAD /* Views */,
				30233C721D2B4D5F000EFEAD /* Models */,
			);
			name = Movie;
			sourceTree = "<group>";
		};
		30233C721D2B4D5F000EFEAD /* Models */ = {
			isa = PBXGroup;
			children = (
			);
			name = Models;
			sourceTree = "<group>";
		};
		30233C731D2B4D67000EFEAD /* Views */ = {
			isa = PBXGroup;
			children = (
			);
			name = Views;
			sourceTree = "<group>";
		};
		30233C741D2B4D70000EFEAD /* ViewControllers */ = {
			isa = PBXGroup;
			children = (
				30233C751D2B4D89000EFEAD /* MovieListTableViewController.h */,
				30233C761D2B4D89000EFEAD /* MovieListTableViewController.m */,
			);
			name = ViewControllers;
			sourceTree = "<group>";
		};
		30233C7A1D2B4D92000EFEAD /* User */ = {
			isa = PBXGroup;
			children = (
				30233C7D1D2B4DAB000EFEAD /* ViewControllers */,
				30233C7C1D2B4DA4000EFEAD /* Views */,
				30233C7B1D2B4D9C000EFEAD /* Models */,
			);
			name = User;
			sourceTree = "<group>";
		};
		30233C7B1D2B4D9C000EFEAD /* Models */ = {
			isa = PBXGroup;
			children = (
			);
			name = Models;
			sourceTree = "<group>";
		};
		30233C7C1D2B4DA4000EFEAD /* Views */ = {
			isa = PBXGroup;
			children = (
			);
			name = Views;
			sourceTree = "<group>";
		};
		30233C7D1D2B4DAB000EFEAD /* ViewControllers */ = {
			isa = PBXGroup;
			children = (
				30233C7E1D2B4DE0000EFEAD /* UserViewController.h */,
				30233C7F1D2B4DE0000EFEAD /* UserViewController.m */,
			);
			name = ViewControllers;
			sourceTree = "<group>";
		};
		30233C831D2B5A58000EFEAD /* Resource */ = {
			isa = PBXGroup;
			children = (
				30233C951D2B5A77000EFEAD /* tabbarImages */,
			);
			name = Resource;
			sourceTree = "<group>";
		};
		30233C951D2B5A77000EFEAD /* tabbarImages */ = {
			isa = PBXGroup;
			children = (
				30233C841D2B5A77000EFEAD /* 2image.png */,
				30233C851D2B5A77000EFEAD /* 2image@2x.png */,
				30233C861D2B5A77000EFEAD /* 2imageH.png */,
				30233C871D2B5A77000EFEAD /* 2imageH@2x.png */,
				30233C881D2B5A77000EFEAD /* paper.png */,
				30233C891D2B5A77000EFEAD /* paper@2x.png */,
				30233C8A1D2B5A77000EFEAD /* paperH.png */,
				30233C8B1D2B5A77000EFEAD /* paperH@2x.png */,
				30233C8C1D2B5A77000EFEAD /* person.png */,
				30233C8D1D2B5A77000EFEAD /* person@2x.png */,
				30233C8E1D2B5A77000EFEAD /* personH.png */,
				30233C8F1D2B5A77000EFEAD /* personH@2x.png */,
				30233C901D2B5A77000EFEAD /* post_normal@2x.png */,
				30233C911D2B5A77000EFEAD /* video.png */,
				30233C921D2B5A77000EFEAD /* video@2x.png */,
				30233C931D2B5A77000EFEAD /* videoH.png */,
				30233C941D2B5A77000EFEAD /* videoH@2x.png */,
			);
			name = tabbarImages;
			path = "../../课上代码/第一天/DouBanProject/DouBanProject/classes/Resources/tabbarImages";
			sourceTree = "<group>";
		};
		30233CA71D2B5AB8000EFEAD /* CustomTabBar */ = {
			isa = PBXGroup;
			children = (
				30233CA81D2B5AF1000EFEAD /* RootViewController.h */,
				30233CA91D2B5AF1000EFEAD /* RootViewController.m */,
				30233CAB1D2B5B25000EFEAD /* CustomTabbar.h */,
				30233CAC1D2B5B25000EFEAD /* CustomTabbar.m */,
				30233CAE1D2B5B3A000EFEAD /* PublishButton.h */,
				30233CAF1D2B5B3A000EFEAD /* PublishButton.m */,
			);
			name = CustomTabBar;
			sourceTree = "<group>";
		};
		30F638E01D261468004349C6 = {
			isa = PBXGroup;
			children = (
				30F638EB1D261468004349C6 /* 豆瓣-2016.07.01lianxi */,
				30F639081D261468004349C6 /* 豆瓣-2016.07.01lianxiTests */,
				30F639131D261468004349C6 /* 豆瓣-2016.07.01lianxiUITests */,
				30F638EA1D261468004349C6 /* Products */,
			);
			sourceTree = "<group>";
		};
		30F638EA1D261468004349C6 /* Products */ = {
			isa = PBXGroup;
			children = (
				30F638E91D261468004349C6 /* 豆瓣-2016.07.01lianxi.app */,
				30F639051D261468004349C6 /* 豆瓣-2016.07.01lianxiTests.xctest */,
				30F639101D261468004349C6 /* 豆瓣-2016.07.01lianxiUITests.xctest */,
			);
			name = Products;
			sourceTree = "<group>";
		};
		30F638EB1D261468004349C6 /* 豆瓣-2016.07.01lianxi */ = {
			isa = PBXGroup;
			children = (
				30F638EF1D261468004349C6 /* AppDelegate.h */,
				30F638F01D261468004349C6 /* AppDelegate.m */,
				30F638F21D261468004349C6 /* ViewController.h */,
				30F638F31D261468004349C6 /* ViewController.m */,
				30233CA71D2B5AB8000EFEAD /* CustomTabBar */,
				30233C5E1D2B4C4F000EFEAD /* Scenes */,
				30233C831D2B5A58000EFEAD /* Resource */,
				30F638F51D261468004349C6 /* Main.storyboard */,
				30F638FB1D261468004349C6 /* Assets.xcassets */,
				30F638FD1D261468004349C6 /* LaunchScreen.storyboard */,
				30F639001D261468004349C6 /* Info.plist */,
				30F638F81D261468004349C6 /* ___2016_07_01lianxi.xcdatamodeld */,
				30F638EC1D261468004349C6 /* Supporting Files */,
			);
			path = "豆瓣-2016.07.01lianxi";
			sourceTree = "<group>";
		};
		30F638EC1D261468004349C6 /* Supporting Files */ = {
			isa = PBXGroup;
			children = (
				30F638ED1D261468004349C6 /* main.m */,
			);
			name = "Supporting Files";
			sourceTree = "<group>";
		};
		30F639081D261468004349C6 /* 豆瓣-2016.07.01lianxiTests */ = {
			isa = PBXGroup;
			children = (
				30F639091D261468004349C6 /* ___2016_07_01lianxiTests.m */,
				30F6390B1D261468004349C6 /* Info.plist */,
			);
			path = "豆瓣-2016.07.01lianxiTests";
			sourceTree = "<group>";
		};
		30F639131D261468004349C6 /* 豆瓣-2016.07.01lianxiUITests */ = {
			isa = PBXGroup;
			children = (
				30F639141D261468004349C6 /* ___2016_07_01lianxiUITests.m */,
				30F639161D261468004349C6 /* Info.plist */,
			);
			path = "豆瓣-2016.07.01lianxiUITests";
			sourceTree = "<group>";
		};
/* End PBXGroup section */

/* Begin PBXNativeTarget section */
		30F638E81D261468004349C6 /* 豆瓣-2016.07.01lianxi */ = {
			isa = PBXNativeTarget;
			buildConfigurationList = 30F639191D261468004349C6 /* Build configuration list for PBXNativeTarget "豆瓣-2016.07.01lianxi" */;
			buildPhases = (
				30F638E51D261468004349C6 /* Sources */,
				30F638E61D261468004349C6 /* Frameworks */,
				30F638E71D261468004349C6 /* Resources */,
			);
			buildRules = (
			);
			dependencies = (
			);
			name = "豆瓣-2016.07.01lianxi";
			productName = "豆瓣-2016.07.01lianxi";
			productReference = 30F638E91D261468004349C6 /* 豆瓣-2016.07.01lianxi.app */;
			productType = "com.apple.product-type.application";
		};
		30F639041D261468004349C6 /* 豆瓣-2016.07.01lianxiTests */ = {
			isa = PBXNativeTarget;
			buildConfigurationList = 30F6391C1D261468004349C6 /* Build configuration list for PBXNativeTarget "豆瓣-2016.07.01lianxiTests" */;
			buildPhases = (
				30F639011D261468004349C6 /* Sources */,
				30F639021D261468004349C6 /* Frameworks */,
				30F639031D261468004349C6 /* Resources */,
			);
			buildRules = (
			);
			dependencies = (
				30F639071D261468004349C6 /* PBXTargetDependency */,
			);
			name = "豆瓣-2016.07.01lianxiTests";
			productName = "豆瓣-2016.07.01lianxiTests";
			productReference = 30F639051D261468004349C6 /* 豆瓣-2016.07.01lianxiTests.xctest */;
			productType = "com.apple.product-type.bundle.unit-test";
		};
		30F6390F1D261468004349C6 /* 豆瓣-2016.07.01lianxiUITests */ = {
			isa = PBXNativeTarget;
			buildConfigurationList = 30F6391F1D261468004349C6 /* Build configuration list for PBXNativeTarget "豆瓣-2016.07.01lianxiUITests" */;
			buildPhases = (
				30F6390C1D261468004349C6 /* Sources */,
				30F6390D1D261468004349C6 /* Frameworks */,
				30F6390E1D261468004349C6 /* Resources */,
			);
			buildRules = (
			);
			dependencies = (
				30F639121D261468004349C6 /* PBXTargetDependency */,
			);
			name = "豆瓣-2016.07.01lianxiUITests";
			productName = "豆瓣-2016.07.01lianxiUITests";
			productReference = 30F639101D261468004349C6 /* 豆瓣-2016.07.01lianxiUITests.xctest */;
			productType = "com.apple.product-type.bundle.ui-testing";
		};
/* End PBXNativeTarget section */

/* Begin PBXProject section */
		30F638E11D261468004349C6 /* Project object */ = {
			isa = PBXProject;
			attributes = {
				LastUpgradeCheck = 0720;
				ORGANIZATIONNAME = "姚尧";
				TargetAttributes = {
					30F638E81D261468004349C6 = {
						CreatedOnToolsVersion = 7.2.1;
						DevelopmentTeam = R35H7Q5CKW;
					};
					30F639041D261468004349C6 = {
						CreatedOnToolsVersion = 7.2.1;
						DevelopmentTeam = R35H7Q5CKW;
						TestTargetID = 30F638E81D261468004349C6;
					};
					30F6390F1D261468004349C6 = {
						CreatedOnToolsVersion = 7.2.1;
						DevelopmentTeam = R35H7Q5CKW;
						TestTargetID = 30F638E81D261468004349C6;
					};
				};
			};
			buildConfigurationList = 30F638E41D261468004349C6 /* Build configuration list for PBXProject "豆瓣-2016.07.01lianxi" */;
			compatibilityVersion = "Xcode 3.2";
			developmentRegion = English;
			hasScannedForEncodings = 0;
			knownRegions = (
				en,
				Base,
			);
			mainGroup = 30F638E01D261468004349C6;
			productRefGroup = 30F638EA1D261468004349C6 /* Products */;
			projectDirPath = "";
			projectRoot = "";
			targets = (
				30F638E81D261468004349C6 /* 豆瓣-2016.07.01lianxi */,
				30F639041D261468004349C6 /* 豆瓣-2016.07.01lianxiTests */,
				30F6390F1D261468004349C6 /* 豆瓣-2016.07.01lianxiUITests */,
			);
		};
/* End PBXProject section */

/* Begin PBXResourcesBuildPhase section */
		30F638E71D261468004349C6 /* Resources */ = {
			isa = PBXResourcesBuildPhase;
			buildActionMask = 2147483647;
			files = (
				30233C9E1D2B5A77000EFEAD /* person.png in Resources */,
				30233CA01D2B5A77000EFEAD /* personH.png in Resources */,
				30233CA41D2B5A77000EFEAD /* video@2x.png in Resources */,
				30F638FF1D261468004349C6 /* LaunchScreen.storyboard in Resources */,
				30233CA11D2B5A77000EFEAD /* personH@2x.png in Resources */,
				30233C9B1D2B5A77000EFEAD /* paper@2x.png in Resources */,
				30F638FC1D261468004349C6 /* Assets.xcassets in Resources */,
				30233C961D2B5A77000EFEAD /* 2image.png in Resources */,
				30F638F71D261468004349C6 /* Main.storyboard in Resources */,
				30233CA61D2B5A77000EFEAD /* videoH@2x.png in Resources */,
				30233C9C1D2B5A77000EFEAD /* paperH.png in Resources */,
				30233CA51D2B5A77000EFEAD /* videoH.png in Resources */,
				30233C9A1D2B5A77000EFEAD /* paper.png in Resources */,
				30233CA31D2B5A77000EFEAD /* video.png in Resources */,
				30233C9D1D2B5A77000EFEAD /* paperH@2x.png in Resources */,
				30233C971D2B5A77000EFEAD /* 2image@2x.png in Resources */,
				30233C981D2B5A77000EFEAD /* 2imageH.png in Resources */,
				30233CA21D2B5A77000EFEAD /* post_normal@2x.png in Resources */,
				30233C9F1D2B5A77000EFEAD /* person@2x.png in Resources */,
				30233C991D2B5A77000EFEAD /* 2imageH@2x.png in Resources */,
			);
			runOnlyForDeploymentPostprocessing = 0;
		};
		30F639031D261468004349C6 /* Resources */ = {
			isa = PBXResourcesBuildPhase;
			buildActionMask = 2147483647;
			files = (
			);
			runOnlyForDeploymentPostprocessing = 0;
		};
		30F6390E1D261468004349C6 /* Resources */ = {
			isa = PBXResourcesBuildPhase;
			buildActionMask = 2147483647;
			files = (
			);
			runOnlyForDeploymentPostprocessing = 0;
		};
/* End PBXResourcesBuildPhase section */

/* Begin PBXSourcesBuildPhase section */
		30F638E51D261468004349C6 /* Sources */ = {
			isa = PBXSourcesBuildPhase;
			buildActionMask = 2147483647;
			files = (
				30233C6F1D2B4D26000EFEAD /* CinemaListTableViewController.m in Sources */,
				30F638F41D261468004349C6 /* ViewController.m in Sources */,
				30F638F11D261468004349C6 /* AppDelegate.m in Sources */,
				30F638FA1D261468004349C6 /* ___2016_07_01lianxi.xcdatamodeld in Sources */,
				30233C621D2B4C83000EFEAD /* ActivityListTableViewController.m in Sources */,
				30233CAA1D2B5AF1000EFEAD /* RootViewController.m in Sources */,
				30233C811D2B4DE0000EFEAD /* UserViewController.m in Sources */,
				30233CB01D2B5B3A000EFEAD /* PublishButton.m in Sources */,
				30233C781D2B4D89000EFEAD /* MovieListTableViewController.m in Sources */,
				30233CAD1D2B5B25000EFEAD /* CustomTabbar.m in Sources */,
				30F638EE1D261468004349C6 /* main.m in Sources */,
			);
			runOnlyForDeploymentPostprocessing = 0;
		};
		30F639011D261468004349C6 /* Sources */ = {
			isa = PBXSourcesBuildPhase;
			buildActionMask = 2147483647;
			files = (
				30F6390A1D261468004349C6 /* ___2016_07_01lianxiTests.m in Sources */,
			);
			runOnlyForDeploymentPostprocessing = 0;
		};
		30F6390C1D261468004349C6 /* Sources */ = {
			isa = PBXSourcesBuildPhase;
			buildActionMask = 2147483647;
			files = (
				30F639151D261468004349C6 /* ___2016_07_01lianxiUITests.m in Sources */,
			);
			runOnlyForDeploymentPostprocessing = 0;
		};
/* End PBXSourcesBuildPhase section */

/* Begin PBXTargetDependency section */
		30F639071D261468004349C6 /* PBXTargetDependency */ = {
			isa = PBXTargetDependency;
			target = 30F638E81D261468004349C6 /* 豆瓣-2016.07.01lianxi */;
			targetProxy = 30F639061D261468004349C6 /* PBXContainerItemProxy */;
		};
		30F639121D261468004349C6 /* PBXTargetDependency */ = {
			isa = PBXTargetDependency;
			target = 30F638E81D261468004349C6 /* 豆瓣-2016.07.01lianxi */;
			targetProxy = 30F639111D261468004349C6 /* PBXContainerItemProxy */;
		};
/* End PBXTargetDependency section */

/* Begin PBXVariantGroup section */
		30F638F51D261468004349C6 /* Main.storyboard */ = {
			isa = PBXVariantGroup;
			children = (
				30F638F61D261468004349C6 /* Base */,
			);
			name = Main.storyboard;
			sourceTree = "<group>";
		};
		30F638FD1D261468004349C6 /* LaunchScreen.storyboard */ = {
			isa = PBXVariantGroup;
			children = (
				30F638FE1D261468004349C6 /* Base */,
			);
			name = LaunchScreen.storyboard;
			sourceTree = "<group>";
		};
/* End PBXVariantGroup section */

/* Begin XCBuildConfiguration section */
		30F639171D261468004349C6 /* Debug */ = {
			isa = XCBuildConfiguration;
			buildSettings = {
				ALWAYS_SEARCH_USER_PATHS = NO;
				CLANG_CXX_LANGUAGE_STANDARD = "gnu++0x";
				CLANG_CXX_LIBRARY = "libc++";
				CLANG_ENABLE_MODULES = YES;
				CLANG_ENABLE_OBJC_ARC = YES;
				CLANG_WARN_BOOL_CONVERSION = YES;
				CLANG_WARN_CONSTANT_CONVERSION = YES;
				CLANG_WARN_DIRECT_OBJC_ISA_USAGE = YES_ERROR;
				CLANG_WARN_EMPTY_BODY = YES;
				CLANG_WARN_ENUM_CONVERSION = YES;
				CLANG_WARN_INT_CONVERSION = YES;
				CLANG_WARN_OBJC_ROOT_CLASS = YES_ERROR;
				CLANG_WARN_UNREACHABLE_CODE = YES;
				CLANG_WARN__DUPLICATE_METHOD_MATCH = YES;
				"CODE_SIGN_IDENTITY[sdk=iphoneos*]" = "iPhone Developer";
				COPY_PHASE_STRIP = NO;
				DEBUG_INFORMATION_FORMAT = dwarf;
				ENABLE_STRICT_OBJC_MSGSEND = YES;
				ENABLE_TESTABILITY = YES;
				GCC_C_LANGUAGE_STANDARD = gnu99;
				GCC_DYNAMIC_NO_PIC = NO;
				GCC_NO_COMMON_BLOCKS = YES;
				GCC_OPTIMIZATION_LEVEL = 0;
				GCC_PREPROCESSOR_DEFINITIONS = (
					"DEBUG=1",
					"$(inherited)",
				);
				GCC_WARN_64_TO_32_BIT_CONVERSION = YES;
				GCC_WARN_ABOUT_RETURN_TYPE = YES_ERROR;
				GCC_WARN_UNDECLARED_SELECTOR = YES;
				GCC_WARN_UNINITIALIZED_AUTOS = YES_AGGRESSIVE;
				GCC_WARN_UNUSED_FUNCTION = YES;
				GCC_WARN_UNUSED_VARIABLE = YES;
				IPHONEOS_DEPLOYMENT_TARGET = 9.2;
				MTL_ENABLE_DEBUG_INFO = YES;
				ONLY_ACTIVE_ARCH = YES;
				SDKROOT = iphoneos;
			};
			name = Debug;
		};
		30F639181D261468004349C6 /* Release */ = {
			isa = XCBuildConfiguration;
			buildSettings = {
				ALWAYS_SEARCH_USER_PATHS = NO;
				CLANG_CXX_LANGUAGE_STANDARD = "gnu++0x";
				CLANG_CXX_LIBRARY = "libc++";
				CLANG_ENABLE_MODULES = YES;
				CLANG_ENABLE_OBJC_ARC = YES;
				CLANG_WARN_BOOL_CONVERSION = YES;
				CLANG_WARN_CONSTANT_CONVERSION = YES;
				CLANG_WARN_DIRECT_OBJC_ISA_USAGE = YES_ERROR;
				CLANG_WARN_EMPTY_BODY = YES;
				CLANG_WARN_ENUM_CONVERSION = YES;
				CLANG_WARN_INT_CONVERSION = YES;
				CLANG_WARN_OBJC_ROOT_CLASS = YES_ERROR;
				CLANG_WARN_UNREACHABLE_CODE = YES;
				CLANG_WARN__DUPLICATE_METHOD_MATCH = YES;
				"CODE_SIGN_IDENTITY[sdk=iphoneos*]" = "iPhone Developer";
				COPY_PHASE_STRIP = NO;
				DEBUG_INFORMATION_FORMAT = "dwarf-with-dsym";
				ENABLE_NS_ASSERTIONS = NO;
				ENABLE_STRICT_OBJC_MSGSEND = YES;
				GCC_C_LANGUAGE_STANDARD = gnu99;
				GCC_NO_COMMON_BLOCKS = YES;
				GCC_WARN_64_TO_32_BIT_CONVERSION = YES;
				GCC_WARN_ABOUT_RETURN_TYPE = YES_ERROR;
				GCC_WARN_UNDECLARED_SELECTOR = YES;
				GCC_WARN_UNINITIALIZED_AUTOS = YES_AGGRESSIVE;
				GCC_WARN_UNUSED_FUNCTION = YES;
				GCC_WARN_UNUSED_VARIABLE = YES;
				IPHONEOS_DEPLOYMENT_TARGET = 9.2;
				MTL_ENABLE_DEBUG_INFO = NO;
				SDKROOT = iphoneos;
				VALIDATE_PRODUCT = YES;
			};
			name = Release;
		};
		30F6391A1D261468004349C6 /* Debug */ = {
			isa = XCBuildConfiguration;
			buildSettings = {
				ASSETCATALOG_COMPILER_APPICON_NAME = AppIcon;
				INFOPLIST_FILE = "豆瓣-2016.07.01lianxi/Info.plist";
				LD_RUNPATH_SEARCH_PATHS = "$(inherited) @executable_path/Frameworks";
				PRODUCT_BUNDLE_IDENTIFIER = "yaoyao.---2016-07-01lianxi";
				PRODUCT_NAME = "$(TARGET_NAME)";
			};
			name = Debug;
		};
		30F6391B1D261468004349C6 /* Release */ = {
			isa = XCBuildConfiguration;
			buildSettings = {
				ASSETCATALOG_COMPILER_APPICON_NAME = AppIcon;
				INFOPLIST_FILE = "豆瓣-2016.07.01lianxi/Info.plist";
				LD_RUNPATH_SEARCH_PATHS = "$(inherited) @executable_path/Frameworks";
				PRODUCT_BUNDLE_IDENTIFIER = "yaoyao.---2016-07-01lianxi";
				PRODUCT_NAME = "$(TARGET_NAME)";
			};
			name = Release;
		};
		30F6391D1D261468004349C6 /* Debug */ = {
			isa = XCBuildConfiguration;
			buildSettings = {
				BUNDLE_LOADER = "$(TEST_HOST)";
				INFOPLIST_FILE = "豆瓣-2016.07.01lianxiTests/Info.plist";
				LD_RUNPATH_SEARCH_PATHS = "$(inherited) @executable_path/Frameworks @loader_path/Frameworks";
				PRODUCT_BUNDLE_IDENTIFIER = "yaoyao.---2016-07-01lianxiTests";
				PRODUCT_NAME = "$(TARGET_NAME)";
				TEST_HOST = "$(BUILT_PRODUCTS_DIR)/豆瓣-2016.07.01lianxi.app/豆瓣-2016.07.01lianxi";
			};
			name = Debug;
		};
		30F6391E1D261468004349C6 /* Release */ = {
			isa = XCBuildConfiguration;
			buildSettings = {
				BUNDLE_LOADER = "$(TEST_HOST)";
				INFOPLIST_FILE = "豆瓣-2016.07.01lianxiTests/Info.plist";
				LD_RUNPATH_SEARCH_PATHS = "$(inherited) @executable_path/Frameworks @loader_path/Frameworks";
				PRODUCT_BUNDLE_IDENTIFIER = "yaoyao.---2016-07-01lianxiTests";
				PRODUCT_NAME = "$(TARGET_NAME)";
				TEST_HOST = "$(BUILT_PRODUCTS_DIR)/豆瓣-2016.07.01lianxi.app/豆瓣-2016.07.01lianxi";
			};
			name = Release;
		};
		30F639201D261468004349C6 /* Debug */ = {
			isa = XCBuildConfiguration;
			buildSettings = {
				INFOPLIST_FILE = "豆瓣-2016.07.01lianxiUITests/Info.plist";
				LD_RUNPATH_SEARCH_PATHS = "$(inherited) @executable_path/Frameworks @loader_path/Frameworks";
				PRODUCT_BUNDLE_IDENTIFIER = "yaoyao.---2016-07-01lianxiUITests";
				PRODUCT_NAME = "$(TARGET_NAME)";
				TEST_TARGET_NAME = "豆瓣-2016.07.01lianxi";
				USES_XCTRUNNER = YES;
			};
			name = Debug;
		};
		30F639211D261468004349C6 /* Release */ = {
			isa = XCBuildConfiguration;
			buildSettings = {
				INFOPLIST_FILE = "豆瓣-2016.07.01lianxiUITests/Info.plist";
				LD_RUNPATH_SEARCH_PATHS = "$(inherited) @executable_path/Frameworks @loader_path/Frameworks";
				PRODUCT_BUNDLE_IDENTIFIER = "yaoyao.---2016-07-01lianxiUITests";
				PRODUCT_NAME = "$(TARGET_NAME)";
				TEST_TARGET_NAME = "豆瓣-2016.07.01lianxi";
				USES_XCTRUNNER = YES;
			};
			name = Release;
		};
/* End XCBuildConfiguration section */

/* Begin XCConfigurationList section */
		30F638E41D261468004349C6 /* Build configuration list for PBXProject "豆瓣-2016.07.01lianxi" */ = {
			isa = XCConfigurationList;
			buildConfigurations = (
				30F639171D261468004349C6 /* Debug */,
				30F639181D261468004349C6 /* Release */,
			);
			defaultConfigurationIsVisible = 0;
			defaultConfigurationName = Release;
		};
		30F639191D261468004349C6 /* Build configuration list for PBXNativeTarget "豆瓣-2016.07.01lianxi" */ = {
			isa = XCConfigurationList;
			buildConfigurations = (
				30F6391A1D261468004349C6 /* Debug */,
				30F6391B1D261468004349C6 /* Release */,
			);
			defaultConfigurationIsVisible = 0;
			defaultConfigurationName = Release;
		};
		30F6391C1D261468004349C6 /* Build configuration list for PBXNativeTarget "豆瓣-2016.07.01lianxiTests" */ = {
			isa = XCConfigurationList;
			buildConfigurations = (
				30F6391D1D261468004349C6 /* Debug */,
				30F6391E1D261468004349C6 /* Release */,
			);
			defaultConfigurationIsVisible = 0;
			defaultConfigurationName = Release;
		};
		30F6391F1D261468004349C6 /* Build configuration list for PBXNativeTarget "豆瓣-2016.07.01lianxiUITests" */ = {
			isa = XCConfigurationList;
			buildConfigurations = (
				30F639201D261468004349C6 /* Debug */,
				30F639211D261468004349C6 /* Release */,
			);
			defaultConfigurationIsVisible = 0;
			defaultConfigurationName = Release;
		};
/* End XCConfigurationList section */

/* Begin XCVersionGroup section */
		30F638F81D261468004349C6 /* ___2016_07_01lianxi.xcdatamodeld */ = {
			isa = XCVersionGroup;
			children = (
				30F638F91D261468004349C6 /* ___2016_07_01lianxi.xcdatamodel */,
			);
			currentVersion = 30F638F91D261468004349C6 /* ___2016_07_01lianxi.xcdatamodel */;
			path = "___2016_07_01lianxi.xcdatamodeld";
			sourceTree = "<group>";
			versionGroupType = wrapper.xcdatamodel;
		};
/* End XCVersionGroup section */
	};
	rootObject = 30F638E11D261468004349C6 /* Project object */;
}
